{
  "name": "IA com JS",
  "version": "1.0.0",
  "lockfileVersion": 1,
  "requires": true,
  "dependencies": {
    "js-regression": {
      "version": "1.0.10",
      "resolved": "https://registry.npmjs.org/js-regression/-/js-regression-1.0.10.tgz",
      "integrity": "sha1-FPhksB/C02He/uO0Ll+hPWBsF6g="
    }
  }
}
