{
  "name": "IA com JS",
  "version": "1.0.0",
  "lockfileVersion": 1,
  "requires": true,
  "dependencies": {
    "inferrer": {
      "version": "0.3.0",
      "resolved": "https://registry.npmjs.org/inferrer/-/inferrer-0.3.0.tgz",
      "integrity": "sha512-TuZ276i5/SqMQRPvyNHXMkGXH5Droiws6zOYsT6Ew+ULlVMNK3e9NweCcWqzoCy0gm4Q9ZSVnRUBbqpiJapp7Q=="
    }
  }
}
