{
  "name": "IA com JS",
  "version": "1.0.0",
  "lockfileVersion": 1,
  "requires": true,
  "dependencies": {
    "is-any-array": {
      "version": "0.0.3",
      "resolved": "https://registry.npmjs.org/is-any-array/-/is-any-array-0.0.3.tgz",
      "integrity": "sha512-Lr5SRykZv6uuYMZURz7+YpigT1ziTBHOTgFJ1zK7gL+9Wbet5Ha1ws6S84Jo/lH4zep02b95sk6o4+MTk97mPQ=="
    },
    "ml-array-max": {
      "version": "1.1.1",
      "resolved": "https://registry.npmjs.org/ml-array-max/-/ml-array-max-1.1.1.tgz",
      "integrity": "sha512-lEtVH02mkRESnwCq6y0w8rrnRltwlEmYKRuYNZGSmpiqL+TcHc1Z/kn73Ga9L3iFtyYOtmdLGug0ufGy0xbfmw==",
      "requires": {
        "is-any-array": "^0.0.3"
      }
    },
    "ml-array-min": {
      "version": "1.1.1",
      "resolved": "https://registry.npmjs.org/ml-array-min/-/ml-array-min-1.1.1.tgz",
      "integrity": "sha512-xwUm80ktZLoKMK5j0yilCM8/X07KaW/yvnBiqxPxLRkzIEqK2NA2lHw5uvDpfEYYBUzZbMIG/jHDum+YrjKvPg==",
      "requires": {
        "is-any-array": "^0.0.3"
      }
    },
    "ml-array-rescale": {
      "version": "1.2.1",
      "resolved": "https://registry.npmjs.org/ml-array-rescale/-/ml-array-rescale-1.2.1.tgz",
      "integrity": "sha512-C9YliVwYknxBNFXXbCFwCDUZScZkgL82CEL4GdpdhWAvUTZIRn7opAOOj4ZnZZXjIrUFCV+YB99DKM1frd9eOQ==",
      "requires": {
        "is-any-array": "^0.0.3",
        "ml-array-max": "^1.1.1",
        "ml-array-min": "^1.1.1"
      }
    },
    "ml-matrix": {
      "version": "6.4.0",
      "resolved": "https://registry.npmjs.org/ml-matrix/-/ml-matrix-6.4.0.tgz",
      "integrity": "sha512-VOHAwNjsx1w77BWuv6cHwpfEARzD5oIuJIPDgHA1/U/S4Zql/cp29fr/Ft3V1OOIgK8HZtFQnn5zQnDetFXXTg==",
      "requires": {
        "ml-array-rescale": "^1.2.1"
      }
    },
    "ml-regression-base": {
      "version": "2.0.1",
      "resolved": "https://registry.npmjs.org/ml-regression-base/-/ml-regression-base-2.0.1.tgz",
      "integrity": "sha512-aZGe0DxeyLYPKT4343gzcILJJXrq56FtuMmb4ZafTl9NP9ZEhrjJ9GGkF+yc9CxLJ5Ba7Uc2zAZeLtQ4JokN8g=="
    },
    "ml-regression-polynomial": {
      "version": "2.0.0",
      "resolved": "https://registry.npmjs.org/ml-regression-polynomial/-/ml-regression-polynomial-2.0.0.tgz",
      "integrity": "sha512-n21RAMpccT4/og7TDhJ1PBdqjMW85bd8wy8V/+SnQnCz44TYE90t9aSCg0ZEjyxDNvpYSSsQmNSRQ+gdInbEgA==",
      "requires": {
        "ml-matrix": "^6.1.2",
        "ml-regression-base": "^2.0.1"
      }
    }
  }
}
